
Microsoft Visual Studio Solution File, Format Version 12.00
# Visual Studio Version 16
VisualStudioVersion = 16.0.29806.167
MinimumVisualStudioVersion = 10.0.40219.1
Project("{FAE04EC0-301F-11D3-BF4B-00C04F79EFBC}") = "DatabaseFirst", "DatabaseFirst\DatabaseFirst.csproj", "{71D3C4A1-E88E-4758-BD80-CE8D7526DEA4}"
EndProject
Project("{FAE04EC0-301F-11D3-BF4B-00C04F79EFBC}") = "CodeFirstDatabase", "CodeFirstDatabase\CodeFirstDatabase.csproj", "{EC800161-32D8-45C9-BAA6-8AA38A521A93}"
EndProject
Project("{FAE04EC0-301F-11D3-BF4B-00C04F79EFBC}") = "CodeFirstExistingDatabase", "CodeFirstExistingDatabase\CodeFirstExistingDatabase.csproj", "{F324D337-53FB-42AE-9EDE-2550FFACD458}"
EndProject
Project("{FAE04EC0-301F-11D3-BF4B-00C04F79EFBC}") = "CodeFirstVidzy", "CodeFirstVidzy\CodeFirstVidzy.csproj", "{8A5AB87E-8C74-4B5A-8A74-2EACF8DF05C7}"
EndProject
Project("{FAE04EC0-301F-11D3-BF4B-00C04F79EFBC}") = "DataAnnotations", "DataAnnotations\DataAnnotations.csproj", "{415B010B-3387-41C8-8649-98E423189105}"
EndProject
Project("{FAE04EC0-301F-11D3-BF4B-00C04F79EFBC}") = "FluentAPILoadingTypesUpdatingData", "FluentAPILoadingTypesUpdatingData\FluentAPILoadingTypesUpdatingData.csproj", "{0C52C418-BEC8-4C37-9C5D-574F3D901086}"
EndProject
Project("{FAE04EC0-301F-11D3-BF4B-00C04F79EFBC}") = "LinqQueries", "LinqQueries\LinqQueries.csproj", "{D1776DED-C59A-4F8A-8C31-96EAE15BDF5A}"
EndProject
Project("{FAE04EC0-301F-11D3-BF4B-00C04F79EFBC}") = "VidzyExercise", "VidzyExercise\VidzyExercise.csproj", "{2AEE16B3-AFD2-4C91-9751-E37310E4689C}"
EndProject
Project("{FAE04EC0-301F-11D3-BF4B-00C04F79EFBC}") = "VidzyQueriesExercise", "VidzyQueriesExercise\VidzyQueriesExercise.csproj", "{33A70FF9-ADA6-4D80-9D88-B48A46270390}"
EndProject
Project("{2150E333-8FDC-42A3-9474-1A3956D46DE8}") = "_CheatSheets", "_CheatSheets", "{30980FB0-7C49-4CE2-905B-A3AD1F3B8A6E}"
	ProjectSection(SolutionItems) = preProject
		Data Annotations Cheat Sheet.pdf = Data Annotations Cheat Sheet.pdf
		Fluent API Cheat Sheet.pdf = Fluent API Cheat Sheet.pdf
		LINQ Extension Methods Cheat Sheet.pdf = LINQ Extension Methods Cheat Sheet.pdf
		LINQ_Syntax Cheat Sheet.pdf = LINQ_Syntax Cheat Sheet.pdf
	EndProjectSection
EndProject
Project("{FAE04EC0-301F-11D3-BF4B-00C04F79EFBC}") = "VidzyModifyingDataExercises", "VidzyModifyingDataExercises\VidzyModifyingDataExercises.csproj", "{3A4E1804-F07E-442D-ABF0-6D4D2A344D48}"
EndProject
Project("{FAE04EC0-301F-11D3-BF4B-00C04F79EFBC}") = "RepositoryPatternQueries", "RepositoryPatternQueries\RepositoryPatternQueries.csproj", "{1A2DD0B2-1E22-42BF-B17A-56509F239002}"
EndProject
Project("{2150E333-8FDC-42A3-9474-1A3956D46DE8}") = "Certificate", "Certificate", "{822AC705-8140-4105-94C1-005EE110EA09}"
	ProjectSection(SolutionItems) = preProject
		EntityFrameworkInDepth-TheCompleteGuide.pdf = EntityFrameworkInDepth-TheCompleteGuide.pdf
	EndProjectSection
EndProject
Global
	GlobalSection(SolutionConfigurationPlatforms) = preSolution
		Debug|Any CPU = Debug|Any CPU
		Release|Any CPU = Release|Any CPU
	EndGlobalSection
	GlobalSection(ProjectConfigurationPlatforms) = postSolution
		{71D3C4A1-E88E-4758-BD80-CE8D7526DEA4}.Debug|Any CPU.ActiveCfg = Debug|Any CPU
		{71D3C4A1-E88E-4758-BD80-CE8D7526DEA4}.Debug|Any CPU.Build.0 = Debug|Any CPU
		{71D3C4A1-E88E-4758-BD80-CE8D7526DEA4}.Release|Any CPU.ActiveCfg = Release|Any CPU
		{71D3C4A1-E88E-4758-BD80-CE8D7526DEA4}.Release|Any CPU.Build.0 = Release|Any CPU
		{EC800161-32D8-45C9-BAA6-8AA38A521A93}.Debug|Any CPU.ActiveCfg = Debug|Any CPU
		{EC800161-32D8-45C9-BAA6-8AA38A521A93}.Debug|Any CPU.Build.0 = Debug|Any CPU
		{EC800161-32D8-45C9-BAA6-8AA38A521A93}.Release|Any CPU.ActiveCfg = Release|Any CPU
		{EC800161-32D8-45C9-BAA6-8AA38A521A93}.Release|Any CPU.Build.0 = Release|Any CPU
		{F324D337-53FB-42AE-9EDE-2550FFACD458}.Debug|Any CPU.ActiveCfg = Debug|Any CPU
		{F324D337-53FB-42AE-9EDE-2550FFACD458}.Debug|Any CPU.Build.0 = Debug|Any CPU
		{F324D337-53FB-42AE-9EDE-2550FFACD458}.Release|Any CPU.ActiveCfg = Release|Any CPU
		{F324D337-53FB-42AE-9EDE-2550FFACD458}.Release|Any CPU.Build.0 = Release|Any CPU
		{8A5AB87E-8C74-4B5A-8A74-2EACF8DF05C7}.Debug|Any CPU.ActiveCfg = Debug|Any CPU
		{8A5AB87E-8C74-4B5A-8A74-2EACF8DF05C7}.Debug|Any CPU.Build.0 = Debug|Any CPU
		{8A5AB87E-8C74-4B5A-8A74-2EACF8DF05C7}.Release|Any CPU.ActiveCfg = Release|Any CPU
		{8A5AB87E-8C74-4B5A-8A74-2EACF8DF05C7}.Release|Any CPU.Build.0 = Release|Any CPU
		{415B010B-3387-41C8-8649-98E423189105}.Debug|Any CPU.ActiveCfg = Debug|Any CPU
		{415B010B-3387-41C8-8649-98E423189105}.Debug|Any CPU.Build.0 = Debug|Any CPU
		{415B010B-3387-41C8-8649-98E423189105}.Release|Any CPU.ActiveCfg = Release|Any CPU
		{415B010B-3387-41C8-8649-98E423189105}.Release|Any CPU.Build.0 = Release|Any CPU
		{0C52C418-BEC8-4C37-9C5D-574F3D901086}.Debug|Any CPU.ActiveCfg = Debug|Any CPU
		{0C52C418-BEC8-4C37-9C5D-574F3D901086}.Debug|Any CPU.Build.0 = Debug|Any CPU
		{0C52C418-BEC8-4C37-9C5D-574F3D901086}.Release|Any CPU.ActiveCfg = Release|Any CPU
		{0C52C418-BEC8-4C37-9C5D-574F3D901086}.Release|Any CPU.Build.0 = Release|Any CPU
		{D1776DED-C59A-4F8A-8C31-96EAE15BDF5A}.Debug|Any CPU.ActiveCfg = Debug|Any CPU
		{D1776DED-C59A-4F8A-8C31-96EAE15BDF5A}.Debug|Any CPU.Build.0 = Debug|Any CPU
		{D1776DED-C59A-4F8A-8C31-96EAE15BDF5A}.Release|Any CPU.ActiveCfg = Release|Any CPU
		{D1776DED-C59A-4F8A-8C31-96EAE15BDF5A}.Release|Any CPU.Build.0 = Release|Any CPU
		{2AEE16B3-AFD2-4C91-9751-E37310E4689C}.Debug|Any CPU.ActiveCfg = Debug|Any CPU
		{2AEE16B3-AFD2-4C91-9751-E37310E4689C}.Debug|Any CPU.Build.0 = Debug|Any CPU
		{2AEE16B3-AFD2-4C91-9751-E37310E4689C}.Release|Any CPU.ActiveCfg = Release|Any CPU
		{2AEE16B3-AFD2-4C91-9751-E37310E4689C}.Release|Any CPU.Build.0 = Release|Any CPU
		{33A70FF9-ADA6-4D80-9D88-B48A46270390}.Debug|Any CPU.ActiveCfg = Debug|Any CPU
		{33A70FF9-ADA6-4D80-9D88-B48A46270390}.Debug|Any CPU.Build.0 = Debug|Any CPU
		{33A70FF9-ADA6-4D80-9D88-B48A46270390}.Release|Any CPU.ActiveCfg = Release|Any CPU
		{33A70FF9-ADA6-4D80-9D88-B48A46270390}.Release|Any CPU.Build.0 = Release|Any CPU
		{3A4E1804-F07E-442D-ABF0-6D4D2A344D48}.Debug|Any CPU.ActiveCfg = Debug|Any CPU
		{3A4E1804-F07E-442D-ABF0-6D4D2A344D48}.Debug|Any CPU.Build.0 = Debug|Any CPU
		{3A4E1804-F07E-442D-ABF0-6D4D2A344D48}.Release|Any CPU.ActiveCfg = Release|Any CPU
		{3A4E1804-F07E-442D-ABF0-6D4D2A344D48}.Release|Any CPU.Build.0 = Release|Any CPU
		{1A2DD0B2-1E22-42BF-B17A-56509F239002}.Debug|Any CPU.ActiveCfg = Debug|Any CPU
		{1A2DD0B2-1E22-42BF-B17A-56509F239002}.Debug|Any CPU.Build.0 = Debug|Any CPU
		{1A2DD0B2-1E22-42BF-B17A-56509F239002}.Release|Any CPU.ActiveCfg = Release|Any CPU
		{1A2DD0B2-1E22-42BF-B17A-56509F239002}.Release|Any CPU.Build.0 = Release|Any CPU
	EndGlobalSection
	GlobalSection(SolutionProperties) = preSolution
		HideSolutionNode = FALSE
	EndGlobalSection
	GlobalSection(ExtensibilityGlobals) = postSolution
		SolutionGuid = {6A850893-9AC8-4A94-A9B9-8E3D9FE2055D}
	EndGlobalSection
EndGlobal
