
Microsoft Visual Studio Solution File, Format Version 12.00
# Visual Studio Version 16
VisualStudioVersion = 16.0.29806.167
MinimumVisualStudioVersion = 10.0.40219.1
Project("{FAE04EC0-301F-11D3-BF4B-00C04F79EFBC}") = "UDemyDatabaseFirst", "UDemyDatabaseFirst\UDemyDatabaseFirst.csproj", "{71D3C4A1-E88E-4758-BD80-CE8D7526DEA4}"
EndProject
Project("{FAE04EC0-301F-11D3-BF4B-00C04F79EFBC}") = "UDemyCodeFirstDatabase", "UDemyCodeDatabaseFirst\UDemyCodeFirstDatabase.csproj", "{EC800161-32D8-45C9-BAA6-8AA38A521A93}"
EndProject
Project("{FAE04EC0-301F-11D3-BF4B-00C04F79EFBC}") = "UDemyCodeFirstExistingDatabase", "UDemyCodeFirstExistingDatabase\UDemyCodeFirstExistingDatabase.csproj", "{F324D337-53FB-42AE-9EDE-2550FFACD458}"
EndProject
Project("{FAE04EC0-301F-11D3-BF4B-00C04F79EFBC}") = "UDemyCodeFirstVidzy", "UDemyCodeFirstVidzy\UDemyCodeFirstVidzy.csproj", "{8A5AB87E-8C74-4B5A-8A74-2EACF8DF05C7}"
EndProject
Project("{FAE04EC0-301F-11D3-BF4B-00C04F79EFBC}") = "DataAnnotations", "DemoDataAnnotations\DataAnnotations.csproj", "{415B010B-3387-41C8-8649-98E423189105}"
EndProject
Project("{FAE04EC0-301F-11D3-BF4B-00C04F79EFBC}") = "FluentAPI", "DemoFluentAPI\FluentAPI.csproj", "{0C52C418-BEC8-4C37-9C5D-574F3D901086}"
EndProject
Project("{2150E333-8FDC-42A3-9474-1A3956D46DE8}") = "_CheatSheets", "_CheatSheets", "{0C8264A8-7765-4F25-AACF-D6E19E4EE1D7}"
	ProjectSection(SolutionItems) = preProject
		C:\Users\Umma\Downloads\Data Annotations Cheat Sheet.pdf = C:\Users\Umma\Downloads\Data Annotations Cheat Sheet.pdf
		C:\Users\Umma\Downloads\Fluent API Cheat Sheet.pdf = C:\Users\Umma\Downloads\Fluent API Cheat Sheet.pdf
	EndProjectSection
EndProject
Global
	GlobalSection(SolutionConfigurationPlatforms) = preSolution
		Debug|Any CPU = Debug|Any CPU
		Release|Any CPU = Release|Any CPU
	EndGlobalSection
	GlobalSection(ProjectConfigurationPlatforms) = postSolution
		{71D3C4A1-E88E-4758-BD80-CE8D7526DEA4}.Debug|Any CPU.ActiveCfg = Debug|Any CPU
		{71D3C4A1-E88E-4758-BD80-CE8D7526DEA4}.Debug|Any CPU.Build.0 = Debug|Any CPU
		{71D3C4A1-E88E-4758-BD80-CE8D7526DEA4}.Release|Any CPU.ActiveCfg = Release|Any CPU
		{71D3C4A1-E88E-4758-BD80-CE8D7526DEA4}.Release|Any CPU.Build.0 = Release|Any CPU
		{EC800161-32D8-45C9-BAA6-8AA38A521A93}.Debug|Any CPU.ActiveCfg = Debug|Any CPU
		{EC800161-32D8-45C9-BAA6-8AA38A521A93}.Debug|Any CPU.Build.0 = Debug|Any CPU
		{EC800161-32D8-45C9-BAA6-8AA38A521A93}.Release|Any CPU.ActiveCfg = Release|Any CPU
		{EC800161-32D8-45C9-BAA6-8AA38A521A93}.Release|Any CPU.Build.0 = Release|Any CPU
		{F324D337-53FB-42AE-9EDE-2550FFACD458}.Debug|Any CPU.ActiveCfg = Debug|Any CPU
		{F324D337-53FB-42AE-9EDE-2550FFACD458}.Debug|Any CPU.Build.0 = Debug|Any CPU
		{F324D337-53FB-42AE-9EDE-2550FFACD458}.Release|Any CPU.ActiveCfg = Release|Any CPU
		{F324D337-53FB-42AE-9EDE-2550FFACD458}.Release|Any CPU.Build.0 = Release|Any CPU
		{8A5AB87E-8C74-4B5A-8A74-2EACF8DF05C7}.Debug|Any CPU.ActiveCfg = Debug|Any CPU
		{8A5AB87E-8C74-4B5A-8A74-2EACF8DF05C7}.Debug|Any CPU.Build.0 = Debug|Any CPU
		{8A5AB87E-8C74-4B5A-8A74-2EACF8DF05C7}.Release|Any CPU.ActiveCfg = Release|Any CPU
		{8A5AB87E-8C74-4B5A-8A74-2EACF8DF05C7}.Release|Any CPU.Build.0 = Release|Any CPU
		{415B010B-3387-41C8-8649-98E423189105}.Debug|Any CPU.ActiveCfg = Debug|Any CPU
		{415B010B-3387-41C8-8649-98E423189105}.Debug|Any CPU.Build.0 = Debug|Any CPU
		{415B010B-3387-41C8-8649-98E423189105}.Release|Any CPU.ActiveCfg = Release|Any CPU
		{415B010B-3387-41C8-8649-98E423189105}.Release|Any CPU.Build.0 = Release|Any CPU
		{0C52C418-BEC8-4C37-9C5D-574F3D901086}.Debug|Any CPU.ActiveCfg = Debug|Any CPU
		{0C52C418-BEC8-4C37-9C5D-574F3D901086}.Debug|Any CPU.Build.0 = Debug|Any CPU
		{0C52C418-BEC8-4C37-9C5D-574F3D901086}.Release|Any CPU.ActiveCfg = Release|Any CPU
		{0C52C418-BEC8-4C37-9C5D-574F3D901086}.Release|Any CPU.Build.0 = Release|Any CPU
	EndGlobalSection
	GlobalSection(SolutionProperties) = preSolution
		HideSolutionNode = FALSE
	EndGlobalSection
	GlobalSection(ExtensibilityGlobals) = postSolution
		SolutionGuid = {6A850893-9AC8-4A94-A9B9-8E3D9FE2055D}
	EndGlobalSection
EndGlobal
